
Microsoft Visual Studio Solution File, Format Version 12.00
# Visual Studio Version 17
VisualStudioVersion = 17.3.32811.315
MinimumVisualStudioVersion = 10.0.40219.1
Project("{2150E333-8FDC-42A3-9474-1A3956D46DE8}") = "src", "src", "{7932D52A-3D44-4723-9E77-1711F7486417}"
EndProject
Project("{2150E333-8FDC-42A3-9474-1A3956D46DE8}") = "Solution Items", "Solution Items", "{6EAC22F4-C9F3-4C2E-A0AC-922D4F92B8F6}"
	ProjectSection(SolutionItems) = preProject
		.editorconfig = .editorconfig
		.gitignore = .gitignore
		CODE_OF_CONDUCT.md = CODE_OF_CONDUCT.md
		CONTRIBUTING.md = CONTRIBUTING.md
		AGENTS.md = AGENTS.md
	EndProjectSection
EndProject
Project("{2150E333-8FDC-42A3-9474-1A3956D46DE8}") = "tools", "tools", "{C162BCCF-B5C8-466A-AAB7-6D85CC171434}"
	ProjectSection(SolutionItems) = preProject
		tools\README.md = tools\README.md
		tools\bee-api.nswag = tools\bee-api.nswag
		tools\bee-openapi.yaml = tools\bee-openapi.yaml
		tools\beehive-api.nswag = tools\beehive-api.nswag
		tools\beehive-openapi.yaml = tools\beehive-openapi.yaml
	EndProjectSection
EndProject
Project("{2150E333-8FDC-42A3-9474-1A3956D46DE8}") = "bee-openapi", "bee-openapi", "{1956F8A3-25CE-42BB-8AE5-77ACC56B9B92}"
	ProjectSection(SolutionItems) = preProject
		tools\bee-openapi\Swarm.yaml = tools\bee-openapi\Swarm.yaml
		tools\bee-openapi\SwarmCommon.yaml = tools\bee-openapi\SwarmCommon.yaml
	EndProjectSection
EndProject
Project("{2150E333-8FDC-42A3-9474-1A3956D46DE8}") = "workflows", "workflows", "{F6289FE6-5CC0-4225-98BC-2DCFE85C767F}"
	ProjectSection(SolutionItems) = preProject
		.github\workflows\myget-unstable-deploy.yml = .github\workflows\myget-unstable-deploy.yml
		.github\workflows\nuget-stable-deploy.yml = .github\workflows\nuget-stable-deploy.yml
	EndProjectSection
EndProject
Project("{2150E333-8FDC-42A3-9474-1A3956D46DE8}") = "test", "test", "{990C5C57-6E00-4E76-A23A-519F19290ACB}"
EndProject
Project("{FAE04EC0-301F-11D3-BF4B-00C04F79EFBC}") = "SwarmSdk", "src\SwarmSdk\SwarmSdk.csproj", "{0C681EE6-7290-4548-9502-4C9B6B061F12}"
EndProject
Project("{FAE04EC0-301F-11D3-BF4B-00C04F79EFBC}") = "SwarmSdk.Client", "src\SwarmSdk.Client\SwarmSdk.Client.csproj", "{EC667802-776E-4306-922C-AA23C7D5835B}"
EndProject
Project("{FAE04EC0-301F-11D3-BF4B-00C04F79EFBC}") = "SwarmSdk.UnitTest", "test\SwarmSdk.UnitTest\SwarmSdk.UnitTest.csproj", "{63368E76-475A-45BE-B6DB-86402C041C39}"
EndProject
Project("{FAE04EC0-301F-11D3-BF4B-00C04F79EFBC}") = "SwarmSdk.Wasm", "src\SwarmSdk.Wasm\SwarmSdk.Wasm.csproj", "{44AD249B-2E64-4BE8-A67B-F76DE7DE2FEC}"
EndProject
Project("{FAE04EC0-301F-11D3-BF4B-00C04F79EFBC}") = "SwarmSdk.AotCompatibility", "test\SwarmSdk.AotCompatibility\SwarmSdk.AotCompatibility.csproj", "{26B0D3DB-F073-4ECE-AAD9-7B198E73A7EC}"
EndProject
Global
	GlobalSection(SolutionConfigurationPlatforms) = preSolution
		Debug|Any CPU = Debug|Any CPU
		Debug|x64 = Debug|x64
		Debug|x86 = Debug|x86
		Release|Any CPU = Release|Any CPU
		Release|x64 = Release|x64
		Release|x86 = Release|x86
	EndGlobalSection
	GlobalSection(ProjectConfigurationPlatforms) = postSolution
		{0C681EE6-7290-4548-9502-4C9B6B061F12}.Debug|Any CPU.ActiveCfg = Debug|Any CPU
		{0C681EE6-7290-4548-9502-4C9B6B061F12}.Debug|Any CPU.Build.0 = Debug|Any CPU
		{0C681EE6-7290-4548-9502-4C9B6B061F12}.Debug|x64.ActiveCfg = Debug|Any CPU
		{0C681EE6-7290-4548-9502-4C9B6B061F12}.Debug|x64.Build.0 = Debug|Any CPU
		{0C681EE6-7290-4548-9502-4C9B6B061F12}.Debug|x86.ActiveCfg = Debug|Any CPU
		{0C681EE6-7290-4548-9502-4C9B6B061F12}.Debug|x86.Build.0 = Debug|Any CPU
		{0C681EE6-7290-4548-9502-4C9B6B061F12}.Release|Any CPU.ActiveCfg = Release|Any CPU
		{0C681EE6-7290-4548-9502-4C9B6B061F12}.Release|Any CPU.Build.0 = Release|Any CPU
		{0C681EE6-7290-4548-9502-4C9B6B061F12}.Release|x64.ActiveCfg = Release|Any CPU
		{0C681EE6-7290-4548-9502-4C9B6B061F12}.Release|x64.Build.0 = Release|Any CPU
		{0C681EE6-7290-4548-9502-4C9B6B061F12}.Release|x86.ActiveCfg = Release|Any CPU
		{0C681EE6-7290-4548-9502-4C9B6B061F12}.Release|x86.Build.0 = Release|Any CPU
		{EC667802-776E-4306-922C-AA23C7D5835B}.Debug|Any CPU.ActiveCfg = Debug|Any CPU
		{EC667802-776E-4306-922C-AA23C7D5835B}.Debug|Any CPU.Build.0 = Debug|Any CPU
		{EC667802-776E-4306-922C-AA23C7D5835B}.Debug|x64.ActiveCfg = Debug|Any CPU
		{EC667802-776E-4306-922C-AA23C7D5835B}.Debug|x64.Build.0 = Debug|Any CPU
		{EC667802-776E-4306-922C-AA23C7D5835B}.Debug|x86.ActiveCfg = Debug|Any CPU
		{EC667802-776E-4306-922C-AA23C7D5835B}.Debug|x86.Build.0 = Debug|Any CPU
		{EC667802-776E-4306-922C-AA23C7D5835B}.Release|Any CPU.ActiveCfg = Release|Any CPU
		{EC667802-776E-4306-922C-AA23C7D5835B}.Release|Any CPU.Build.0 = Release|Any CPU
		{EC667802-776E-4306-922C-AA23C7D5835B}.Release|x64.ActiveCfg = Release|Any CPU
		{EC667802-776E-4306-922C-AA23C7D5835B}.Release|x64.Build.0 = Release|Any CPU
		{EC667802-776E-4306-922C-AA23C7D5835B}.Release|x86.ActiveCfg = Release|Any CPU
		{EC667802-776E-4306-922C-AA23C7D5835B}.Release|x86.Build.0 = Release|Any CPU
		{63368E76-475A-45BE-B6DB-86402C041C39}.Debug|Any CPU.ActiveCfg = Debug|Any CPU
		{63368E76-475A-45BE-B6DB-86402C041C39}.Debug|Any CPU.Build.0 = Debug|Any CPU
		{63368E76-475A-45BE-B6DB-86402C041C39}.Debug|x64.ActiveCfg = Debug|Any CPU
		{63368E76-475A-45BE-B6DB-86402C041C39}.Debug|x64.Build.0 = Debug|Any CPU
		{63368E76-475A-45BE-B6DB-86402C041C39}.Debug|x86.ActiveCfg = Debug|Any CPU
		{63368E76-475A-45BE-B6DB-86402C041C39}.Debug|x86.Build.0 = Debug|Any CPU
		{63368E76-475A-45BE-B6DB-86402C041C39}.Release|Any CPU.ActiveCfg = Release|Any CPU
		{63368E76-475A-45BE-B6DB-86402C041C39}.Release|Any CPU.Build.0 = Release|Any CPU
		{63368E76-475A-45BE-B6DB-86402C041C39}.Release|x64.ActiveCfg = Release|Any CPU
		{63368E76-475A-45BE-B6DB-86402C041C39}.Release|x64.Build.0 = Release|Any CPU
		{63368E76-475A-45BE-B6DB-86402C041C39}.Release|x86.ActiveCfg = Release|Any CPU
		{63368E76-475A-45BE-B6DB-86402C041C39}.Release|x86.Build.0 = Release|Any CPU
		{44AD249B-2E64-4BE8-A67B-F76DE7DE2FEC}.Debug|Any CPU.ActiveCfg = Debug|Any CPU
		{44AD249B-2E64-4BE8-A67B-F76DE7DE2FEC}.Debug|Any CPU.Build.0 = Debug|Any CPU
		{44AD249B-2E64-4BE8-A67B-F76DE7DE2FEC}.Debug|x64.ActiveCfg = Debug|Any CPU
		{44AD249B-2E64-4BE8-A67B-F76DE7DE2FEC}.Debug|x64.Build.0 = Debug|Any CPU
		{44AD249B-2E64-4BE8-A67B-F76DE7DE2FEC}.Debug|x86.ActiveCfg = Debug|Any CPU
		{44AD249B-2E64-4BE8-A67B-F76DE7DE2FEC}.Debug|x86.Build.0 = Debug|Any CPU
		{44AD249B-2E64-4BE8-A67B-F76DE7DE2FEC}.Release|Any CPU.ActiveCfg = Release|Any CPU
		{44AD249B-2E64-4BE8-A67B-F76DE7DE2FEC}.Release|Any CPU.Build.0 = Release|Any CPU
		{44AD249B-2E64-4BE8-A67B-F76DE7DE2FEC}.Release|x64.ActiveCfg = Release|Any CPU
		{44AD249B-2E64-4BE8-A67B-F76DE7DE2FEC}.Release|x64.Build.0 = Release|Any CPU
		{44AD249B-2E64-4BE8-A67B-F76DE7DE2FEC}.Release|x86.ActiveCfg = Release|Any CPU
		{44AD249B-2E64-4BE8-A67B-F76DE7DE2FEC}.Release|x86.Build.0 = Release|Any CPU
		{26B0D3DB-F073-4ECE-AAD9-7B198E73A7EC}.Debug|Any CPU.ActiveCfg = Debug|Any CPU
		{26B0D3DB-F073-4ECE-AAD9-7B198E73A7EC}.Debug|Any CPU.Build.0 = Debug|Any CPU
		{26B0D3DB-F073-4ECE-AAD9-7B198E73A7EC}.Debug|x64.ActiveCfg = Debug|Any CPU
		{26B0D3DB-F073-4ECE-AAD9-7B198E73A7EC}.Debug|x64.Build.0 = Debug|Any CPU
		{26B0D3DB-F073-4ECE-AAD9-7B198E73A7EC}.Debug|x86.ActiveCfg = Debug|Any CPU
		{26B0D3DB-F073-4ECE-AAD9-7B198E73A7EC}.Debug|x86.Build.0 = Debug|Any CPU
		{26B0D3DB-F073-4ECE-AAD9-7B198E73A7EC}.Release|Any CPU.ActiveCfg = Release|Any CPU
		{26B0D3DB-F073-4ECE-AAD9-7B198E73A7EC}.Release|Any CPU.Build.0 = Release|Any CPU
		{26B0D3DB-F073-4ECE-AAD9-7B198E73A7EC}.Release|x64.ActiveCfg = Release|Any CPU
		{26B0D3DB-F073-4ECE-AAD9-7B198E73A7EC}.Release|x64.Build.0 = Release|Any CPU
		{26B0D3DB-F073-4ECE-AAD9-7B198E73A7EC}.Release|x86.ActiveCfg = Release|Any CPU
		{26B0D3DB-F073-4ECE-AAD9-7B198E73A7EC}.Release|x86.Build.0 = Release|Any CPU
	EndGlobalSection
	GlobalSection(SolutionProperties) = preSolution
		HideSolutionNode = FALSE
	EndGlobalSection
	GlobalSection(NestedProjects) = preSolution
		{C162BCCF-B5C8-466A-AAB7-6D85CC171434} = {6EAC22F4-C9F3-4C2E-A0AC-922D4F92B8F6}
		{1956F8A3-25CE-42BB-8AE5-77ACC56B9B92} = {C162BCCF-B5C8-466A-AAB7-6D85CC171434}
		{F6289FE6-5CC0-4225-98BC-2DCFE85C767F} = {6EAC22F4-C9F3-4C2E-A0AC-922D4F92B8F6}
		{0C681EE6-7290-4548-9502-4C9B6B061F12} = {7932D52A-3D44-4723-9E77-1711F7486417}
		{EC667802-776E-4306-922C-AA23C7D5835B} = {7932D52A-3D44-4723-9E77-1711F7486417}
		{63368E76-475A-45BE-B6DB-86402C041C39} = {990C5C57-6E00-4E76-A23A-519F19290ACB}
		{44AD249B-2E64-4BE8-A67B-F76DE7DE2FEC} = {7932D52A-3D44-4723-9E77-1711F7486417}
		{26B0D3DB-F073-4ECE-AAD9-7B198E73A7EC} = {990C5C57-6E00-4E76-A23A-519F19290ACB}
	EndGlobalSection
	GlobalSection(ExtensibilityGlobals) = postSolution
		SolutionGuid = {BC8368EB-8E3B-4FBB-B657-D1C9375AFAFC}
	EndGlobalSection
EndGlobal
